// !$*UTF8*$!
{
	archiveVersion = 1;
	classes = {
	};
	objectVersion = 50;
	objects = {

/* Begin PBXBuildFile section */
		7828C61B2365BEE400878001 /* VideoToolbox.framework in Frameworks */ = {isa = PBXBuildFile; fileRef = 7828C61A2365BEE400878001 /* VideoToolbox.framework */; };
		7828C61D2365BF1200878001 /* AudioToolbox.framework in Frameworks */ = {isa = PBXBuildFile; fileRef = 7828C61C2365BF1200878001 /* AudioToolbox.framework */; };
		7828C61F2365BF1A00878001 /* CoreMedia.framework in Frameworks */ = {isa = PBXBuildFile; fileRef = 7828C61E2365BF1A00878001 /* CoreMedia.framework */; };
		7828C6212365BF2000878001 /* CoreVideo.framework in Frameworks */ = {isa = PBXBuildFile; fileRef = 7828C6202365BF2000878001 /* CoreVideo.framework */; };
		7828C6232365BF6F00878001 /* libbz2.1.0.tbd in Frameworks */ = {isa = PBXBuildFile; fileRef = 7828C6222365BF5B00878001 /* libbz2.1.0.tbd */; };
		7828C6252365BF8900878001 /* libiconv.2.4.0.tbd in Frameworks */ = {isa = PBXBuildFile; fileRef = 7828C6242365BF7D00878001 /* libiconv.2.4.0.tbd */; };
		7828C6272365BFA400878001 /* libz.1.1.3.tbd in Frameworks */ = {isa = PBXBuildFile; fileRef = 7828C6262365BF9700878001 /* libz.1.1.3.tbd */; };
		7828C6462365ECF500878001 /* libavformat.a in Frameworks */ = {isa = PBXBuildFile; fileRef = 7828C63F2365ECF200878001 /* libavformat.a */; };
		7828C6472365ECF500878001 /* libavdevice.a in Frameworks */ = {isa = PBXBuildFile; fileRef = 7828C6402365ECF200878001 /* libavdevice.a */; };
		7828C6482365ECF500878001 /* libswscale.a in Frameworks */ = {isa = PBXBuildFile; fileRef = 7828C6412365ECF200878001 /* libswscale.a */; };
		7828C6492365ECF500878001 /* libavcodec.a in Frameworks */ = {isa = PBXBuildFile; fileRef = 7828C6422365ECF500878001 /* libavcodec.a */; };
		7828C64A2365ECF500878001 /* libavutil.a in Frameworks */ = {isa = PBXBuildFile; fileRef = 7828C6432365ECF500878001 /* libavutil.a */; };
		7828C64B2365ECF500878001 /* libswresample.a in Frameworks */ = {isa = PBXBuildFile; fileRef = 7828C6442365ECF500878001 /* libswresample.a */; };
		7828C64C2365ECF500878001 /* libavfilter.a in Frameworks */ = {isa = PBXBuildFile; fileRef = 7828C6452365ECF500878001 /* libavfilter.a */; };
		782F6EF2236E5673002F1792 /* AAPLEAGLLayer.m in Sources */ = {isa = PBXBuildFile; fileRef = 782F6EF1236E5673002F1792 /* AAPLEAGLLayer.m */; };
		782F6EF5236E5722002F1792 /* DecodingViewController.m in Sources */ = {isa = PBXBuildFile; fileRef = 782F6EF4236E5722002F1792 /* DecodingViewController.m */; };
		78692486236D227900FD0D88 /* VideoToolboxDecoder.m in Sources */ = {isa = PBXBuildFile; fileRef = 78692485236D227900FD0D88 /* VideoToolboxDecoder.m */; };
		78D2FF972365858200D22CBC /* AppDelegate.m in Sources */ = {isa = PBXBuildFile; fileRef = 78D2FF962365858200D22CBC /* AppDelegate.m */; };
		78D2FF9A2365858200D22CBC /* SceneDelegate.m in Sources */ = {isa = PBXBuildFile; fileRef = 78D2FF992365858200D22CBC /* SceneDelegate.m */; };
		78D2FF9D2365858200D22CBC /* ViewController.m in Sources */ = {isa = PBXBuildFile; fileRef = 78D2FF9C2365858200D22CBC /* ViewController.m */; };
		78D2FFA02365858200D22CBC /* Main.storyboard in Resources */ = {isa = PBXBuildFile; fileRef = 78D2FF9E2365858200D22CBC /* Main.storyboard */; };
		78D2FFA22365858400D22CBC /* Assets.xcassets in Resources */ = {isa = PBXBuildFile; fileRef = 78D2FFA12365858400D22CBC /* Assets.xcassets */; };
		78D2FFA52365858400D22CBC /* LaunchScreen.storyboard in Resources */ = {isa = PBXBuildFile; fileRef = 78D2FFA32365858400D22CBC /* LaunchScreen.storyboard */; };
		78D2FFA82365858400D22CBC /* main.m in Sources */ = {isa = PBXBuildFile; fileRef = 78D2FFA72365858400D22CBC /* main.m */; };
		78D2FFB22365858400D22CBC /* ffmpeg_videoplayer_sampleTests.m in Sources */ = {isa = PBXBuildFile; fileRef = 78D2FFB12365858400D22CBC /* ffmpeg_videoplayer_sampleTests.m */; };
		78D2FFBE23658D1F00D22CBC /* FFMpegDemuxer.c in Sources */ = {isa = PBXBuildFile; fileRef = 78D2FFBD23658D1F00D22CBC /* FFMpegDemuxer.c */; };
/* End PBXBuildFile section */

/* Begin PBXContainerItemProxy section */
		78D2FFAE2365858400D22CBC /* PBXContainerItemProxy */ = {
			isa = PBXContainerItemProxy;
			containerPortal = 78D2FF8A2365858200D22CBC /* Project object */;
			proxyType = 1;
			remoteGlobalIDString = 78D2FF912365858200D22CBC;
			remoteInfo = ffmpeg_videoplayer_sample;
		};
/* End PBXContainerItemProxy section */

/* Begin PBXFileReference section */
		7828C5A42365A39600878001 /* aes_ctr.h */ = {isa = PBXFileReference; lastKnownFileType = sourcecode.c.h; path = aes_ctr.h; sourceTree = "<group>"; };
		7828C5A52365A39700878001 /* internal.h */ = {isa = PBXFileReference; lastKnownFileType = sourcecode.c.h; path = internal.h; sourceTree = "<group>"; };
		7828C5A62365A39700878001 /* mathematics.h */ = {isa = PBXFileReference; lastKnownFileType = sourcecode.c.h; path = mathematics.h; sourceTree = "<group>"; };
		7828C5A72365A39800878001 /* buffer.h */ = {isa = PBXFileReference; lastKnownFileType = sourcecode.c.h; path = buffer.h; sourceTree = "<group>"; };
		7828C5A82365A39900878001 /* blowfish.h */ = {isa = PBXFileReference; lastKnownFileType = sourcecode.c.h; path = blowfish.h; sourceTree = "<group>"; };
		7828C5A92365A39A00878001 /* opt.h */ = {isa = PBXFileReference; lastKnownFileType = sourcecode.c.h; path = opt.h; sourceTree = "<group>"; };
		7828C5AA2365A39B00878001 /* thread.h */ = {isa = PBXFileReference; lastKnownFileType = sourcecode.c.h; path = thread.h; sourceTree = "<group>"; };
		7828C5AB2365A39B00878001 /* rational.h */ = {isa = PBXFileReference; lastKnownFileType = sourcecode.c.h; path = rational.h; sourceTree = "<group>"; };
		7828C5AC2365A39C00878001 /* channel_layout.h */ = {isa = PBXFileReference; lastKnownFileType = sourcecode.c.h; path = channel_layout.h; sourceTree = "<group>"; };
		7828C5AD2365A39D00878001 /* slicethread.h */ = {isa = PBXFileReference; lastKnownFileType = sourcecode.c.h; path = slicethread.h; sourceTree = "<group>"; };
		7828C5AE2365A39E00878001 /* hash.h */ = {isa = PBXFileReference; lastKnownFileType = sourcecode.c.h; path = hash.h; sourceTree = "<group>"; };
		7828C5AF2365A39E00878001 /* dynarray.h */ = {isa = PBXFileReference; lastKnownFileType = sourcecode.c.h; path = dynarray.h; sourceTree = "<group>"; };
		7828C5B02365A39F00878001 /* mem.h */ = {isa = PBXFileReference; lastKnownFileType = sourcecode.c.h; path = mem.h; sourceTree = "<group>"; };
		7828C5B12365A3A000878001 /* bswap.h */ = {isa = PBXFileReference; lastKnownFileType = sourcecode.c.h; path = bswap.h; sourceTree = "<group>"; };
		7828C5B22365A3A100878001 /* wchar_filename.h */ = {isa = PBXFileReference; lastKnownFileType = sourcecode.c.h; path = wchar_filename.h; sourceTree = "<group>"; };
		7828C5B32365A3A200878001 /* motion_vector.h */ = {isa = PBXFileReference; lastKnownFileType = sourcecode.c.h; path = motion_vector.h; sourceTree = "<group>"; };
		7828C5B42365A3A200878001 /* adler32.h */ = {isa = PBXFileReference; lastKnownFileType = sourcecode.c.h; path = adler32.h; sourceTree = "<group>"; };
		7828C5B52365A3A300878001 /* tablegen.h */ = {isa = PBXFileReference; lastKnownFileType = sourcecode.c.h; path = tablegen.h; sourceTree = "<group>"; };
		7828C5B62365A3A400878001 /* encryption_info.h */ = {isa = PBXFileReference; lastKnownFileType = sourcecode.c.h; path = encryption_info.h; sourceTree = "<group>"; };
		7828C5B72365A3A500878001 /* eval.h */ = {isa = PBXFileReference; lastKnownFileType = sourcecode.c.h; path = eval.h; sourceTree = "<group>"; };
		7828C5B82365A3A600878001 /* lls.h */ = {isa = PBXFileReference; lastKnownFileType = sourcecode.c.h; path = lls.h; sourceTree = "<group>"; };
		7828C5B92365A3A600878001 /* cpu.h */ = {isa = PBXFileReference; lastKnownFileType = sourcecode.c.h; path = cpu.h; sourceTree = "<group>"; };
		7828C5BA2365A3A700878001 /* audio_fifo.h */ = {isa = PBXFileReference; lastKnownFileType = sourcecode.c.h; path = audio_fifo.h; sourceTree = "<group>"; };
		7828C5BB2365A3A800878001 /* stereo3d.h */ = {isa = PBXFileReference; lastKnownFileType = sourcecode.c.h; path = stereo3d.h; sourceTree = "<group>"; };
		7828C5BC2365A3A900878001 /* hwcontext_videotoolbox.h */ = {isa = PBXFileReference; lastKnownFileType = sourcecode.c.h; path = hwcontext_videotoolbox.h; sourceTree = "<group>"; };
		7828C5BD2365A3AA00878001 /* ripemd.h */ = {isa = PBXFileReference; lastKnownFileType = sourcecode.c.h; path = ripemd.h; sourceTree = "<group>"; };
		7828C5BE2365A3AA00878001 /* timecode.h */ = {isa = PBXFileReference; lastKnownFileType = sourcecode.c.h; path = timecode.h; sourceTree = "<group>"; };
		7828C5BF2365A3AB00878001 /* base64.h */ = {isa = PBXFileReference; lastKnownFileType = sourcecode.c.h; path = base64.h; sourceTree = "<group>"; };
		7828C5C02365A3AC00878001 /* error.h */ = {isa = PBXFileReference; lastKnownFileType = sourcecode.c.h; path = error.h; sourceTree = "<group>"; };
		7828C5C12365A3AD00878001 /* parseutils.h */ = {isa = PBXFileReference; lastKnownFileType = sourcecode.c.h; path = parseutils.h; sourceTree = "<group>"; };
		7828C5C22365A3AE00878001 /* hwcontext_qsv.h */ = {isa = PBXFileReference; lastKnownFileType = sourcecode.c.h; path = hwcontext_qsv.h; sourceTree = "<group>"; };
		7828C5C32365A3AE00878001 /* qsort.h */ = {isa = PBXFileReference; lastKnownFileType = sourcecode.c.h; path = qsort.h; sourceTree = "<group>"; };
		7828C5C42365A3AF00878001 /* fixed_dsp.h */ = {isa = PBXFileReference; lastKnownFileType = sourcecode.c.h; path = fixed_dsp.h; sourceTree = "<group>"; };
		7828C5C52365A3B000878001 /* timestamp.h */ = {isa = PBXFileReference; lastKnownFileType = sourcecode.c.h; path = timestamp.h; sourceTree = "<group>"; };
		7828C5C62365A3B100878001 /* downmix_info.h */ = {isa = PBXFileReference; lastKnownFileType = sourcecode.c.h; path = downmix_info.h; sourceTree = "<group>"; };
		7828C5C72365A3B200878001 /* intmath.h */ = {isa = PBXFileReference; lastKnownFileType = sourcecode.c.h; path = intmath.h; sourceTree = "<group>"; };
		7828C5C82365A3B200878001 /* xtea.h */ = {isa = PBXFileReference; lastKnownFileType = sourcecode.c.h; path = xtea.h; sourceTree = "<group>"; };
		7828C5C92365A3B300878001 /* hwcontext_drm.h */ = {isa = PBXFileReference; lastKnownFileType = sourcecode.c.h; path = hwcontext_drm.h; sourceTree = "<group>"; };
		7828C5CA2365A3B400878001 /* file.h */ = {isa = PBXFileReference; lastKnownFileType = sourcecode.c.h; path = file.h; sourceTree = "<group>"; };
		7828C5CB2365A3B500878001 /* libm.h */ = {isa = PBXFileReference; lastKnownFileType = sourcecode.c.h; path = libm.h; sourceTree = "<group>"; };
		7828C5CC2365A3B600878001 /* samplefmt.h */ = {isa = PBXFileReference; lastKnownFileType = sourcecode.c.h; path = samplefmt.h; sourceTree = "<group>"; };
		7828C5CD2365A3B600878001 /* tree.h */ = {isa = PBXFileReference; lastKnownFileType = sourcecode.c.h; path = tree.h; sourceTree = "<group>"; };
		7828C5CE2365A3B700878001 /* reverse.h */ = {isa = PBXFileReference; lastKnownFileType = sourcecode.c.h; path = reverse.h; sourceTree = "<group>"; };
		7828C5CF2365A3B800878001 /* hwcontext_cuda_internal.h */ = {isa = PBXFileReference; lastKnownFileType = sourcecode.c.h; path = hwcontext_cuda_internal.h; sourceTree = "<group>"; };
		7828C5D02365A3B900878001 /* rc4.h */ = {isa = PBXFileReference; lastKnownFileType = sourcecode.c.h; path = rc4.h; sourceTree = "<group>"; };
		7828C5D12365A3B900878001 /* aes.h */ = {isa = PBXFileReference; lastKnownFileType = sourcecode.c.h; path = aes.h; sourceTree = "<group>"; };
		7828C5D22365A3BA00878001 /* softfloat_ieee754.h */ = {isa = PBXFileReference; lastKnownFileType = sourcecode.c.h; path = softfloat_ieee754.h; sourceTree = "<group>"; };
		7828C5D32365A3BB00878001 /* hwcontext.h */ = {isa = PBXFileReference; lastKnownFileType = sourcecode.c.h; path = hwcontext.h; sourceTree = "<group>"; };
		7828C5D42365A3BC00878001 /* display.h */ = {isa = PBXFileReference; lastKnownFileType = sourcecode.c.h; path = display.h; sourceTree = "<group>"; };
		7828C5D52365A3BD00878001 /* avassert.h */ = {isa = PBXFileReference; lastKnownFileType = sourcecode.c.h; path = avassert.h; sourceTree = "<group>"; };
		7828C5D62365A3BD00878001 /* softfloat.h */ = {isa = PBXFileReference; lastKnownFileType = sourcecode.c.h; path = softfloat.h; sourceTree = "<group>"; };
		7828C5D72365A3BE00878001 /* hwcontext_cuda.h */ = {isa = PBXFileReference; lastKnownFileType = sourcecode.c.h; path = hwcontext_cuda.h; sourceTree = "<group>"; };
		7828C5D82365A3BF00878001 /* avconfig.h */ = {isa = PBXFileReference; lastKnownFileType = sourcecode.c.h; path = avconfig.h; sourceTree = "<group>"; };
		7828C5D92365A3C000878001 /* twofish.h */ = {isa = PBXFileReference; lastKnownFileType = sourcecode.c.h; path = twofish.h; sourceTree = "<group>"; };
		7828C5DA2365A3C100878001 /* hwcontext_internal.h */ = {isa = PBXFileReference; lastKnownFileType = sourcecode.c.h; path = hwcontext_internal.h; sourceTree = "<group>"; };
		7828C5DB2365A3C100878001 /* hwcontext_vdpau.h */ = {isa = PBXFileReference; lastKnownFileType = sourcecode.c.h; path = hwcontext_vdpau.h; sourceTree = "<group>"; };
		7828C5DC2365A3C200878001 /* frame.h */ = {isa = PBXFileReference; lastKnownFileType = sourcecode.c.h; path = frame.h; sourceTree = "<group>"; };
		7828C5DD2365A3C300878001 /* hmac.h */ = {isa = PBXFileReference; lastKnownFileType = sourcecode.c.h; path = hmac.h; sourceTree = "<group>"; };
		7828C5DE2365A3C400878001 /* camellia.h */ = {isa = PBXFileReference; lastKnownFileType = sourcecode.c.h; path = camellia.h; sourceTree = "<group>"; };
		7828C5DF2365A3C500878001 /* ffversion.h */ = {isa = PBXFileReference; lastKnownFileType = sourcecode.c.h; path = ffversion.h; sourceTree = "<group>"; };
		7828C5E02365A3C500878001 /* attributes.h */ = {isa = PBXFileReference; lastKnownFileType = sourcecode.c.h; path = attributes.h; sourceTree = "<group>"; };
		7828C5E12365A3C600878001 /* threadmessage.h */ = {isa = PBXFileReference; lastKnownFileType = sourcecode.c.h; path = threadmessage.h; sourceTree = "<group>"; };
		7828C5E22365A3C700878001 /* crc.h */ = {isa = PBXFileReference; lastKnownFileType = sourcecode.c.h; path = crc.h; sourceTree = "<group>"; };
		7828C5E32365A3C800878001 /* common.h */ = {isa = PBXFileReference; lastKnownFileType = sourcecode.c.h; path = common.h; sourceTree = "<group>"; };
		7828C5E42365A3C800878001 /* hwcontext_d3d11va.h */ = {isa = PBXFileReference; lastKnownFileType = sourcecode.c.h; path = hwcontext_d3d11va.h; sourceTree = "<group>"; };
		7828C5E52365A3C900878001 /* pixdesc.h */ = {isa = PBXFileReference; lastKnownFileType = sourcecode.c.h; path = pixdesc.h; sourceTree = "<group>"; };
		7828C5E62365A3CA00878001 /* hwcontext_vaapi.h */ = {isa = PBXFileReference; lastKnownFileType = sourcecode.c.h; path = hwcontext_vaapi.h; sourceTree = "<group>"; };
		7828C5E72365A3CB00878001 /* hdr_dynamic_metadata.h */ = {isa = PBXFileReference; lastKnownFileType = sourcecode.c.h; path = hdr_dynamic_metadata.h; sourceTree = "<group>"; };
		7828C5E82365A3CC00878001 /* fifo.h */ = {isa = PBXFileReference; lastKnownFileType = sourcecode.c.h; path = fifo.h; sourceTree = "<group>"; };
		7828C5E92365A3CC00878001 /* time.h */ = {isa = PBXFileReference; lastKnownFileType = sourcecode.c.h; path = time.h; sourceTree = "<group>"; };
		7828C5EA2365A3CD00878001 /* avutil.h */ = {isa = PBXFileReference; lastKnownFileType = sourcecode.c.h; path = avutil.h; sourceTree = "<group>"; };
		7828C5EB2365A3CE00878001 /* xga_font_data.h */ = {isa = PBXFileReference; lastKnownFileType = sourcecode.c.h; path = xga_font_data.h; sourceTree = "<group>"; };
		7828C5EC2365A3CF00878001 /* replaygain.h */ = {isa = PBXFileReference; lastKnownFileType = sourcecode.c.h; path = replaygain.h; sourceTree = "<group>"; };
		7828C5ED2365A3D000878001 /* tea.h */ = {isa = PBXFileReference; lastKnownFileType = sourcecode.c.h; path = tea.h; sourceTree = "<group>"; };
		7828C5EE2365A3D000878001 /* intreadwrite.h */ = {isa = PBXFileReference; lastKnownFileType = sourcecode.c.h; path = intreadwrite.h; sourceTree = "<group>"; };
		7828C5EF2365A3D100878001 /* timer.h */ = {isa = PBXFileReference; lastKnownFileType = sourcecode.c.h; path = timer.h; sourceTree = "<group>"; };
		7828C5F02365A3D200878001 /* des.h */ = {isa = PBXFileReference; lastKnownFileType = sourcecode.c.h; path = des.h; sourceTree = "<group>"; };
		7828C5F12365A3D300878001 /* hwcontext_dxva2.h */ = {isa = PBXFileReference; lastKnownFileType = sourcecode.c.h; path = hwcontext_dxva2.h; sourceTree = "<group>"; };
		7828C5F22365A3D400878001 /* pca.h */ = {isa = PBXFileReference; lastKnownFileType = sourcecode.c.h; path = pca.h; sourceTree = "<group>"; };
		7828C5F32365A3D400878001 /* lzo.h */ = {isa = PBXFileReference; lastKnownFileType = sourcecode.c.h; path = lzo.h; sourceTree = "<group>"; };
		7828C5F42365A3D500878001 /* cuda_check.h */ = {isa = PBXFileReference; lastKnownFileType = sourcecode.c.h; path = cuda_check.h; sourceTree = "<group>"; };
		7828C5F52365A3D600878001 /* lfg.h */ = {isa = PBXFileReference; lastKnownFileType = sourcecode.c.h; path = lfg.h; sourceTree = "<group>"; };
		7828C5F62365A3D700878001 /* sha512.h */ = {isa = PBXFileReference; lastKnownFileType = sourcecode.c.h; path = sha512.h; sourceTree = "<group>"; };
		7828C5F72365A3D800878001 /* spherical.h */ = {isa = PBXFileReference; lastKnownFileType = sourcecode.c.h; path = spherical.h; sourceTree = "<group>"; };
		7828C5F82365A3D900878001 /* pixelutils.h */ = {isa = PBXFileReference; lastKnownFileType = sourcecode.c.h; path = pixelutils.h; sourceTree = "<group>"; };
		7828C5F92365A3D900878001 /* cast5.h */ = {isa = PBXFileReference; lastKnownFileType = sourcecode.c.h; path = cast5.h; sourceTree = "<group>"; };
		7828C5FA2365A3DA00878001 /* sha.h */ = {isa = PBXFileReference; lastKnownFileType = sourcecode.c.h; path = sha.h; sourceTree = "<group>"; };
		7828C5FB2365A3DB00878001 /* macros.h */ = {isa = PBXFileReference; lastKnownFileType = sourcecode.c.h; path = macros.h; sourceTree = "<group>"; };
		7828C5FC2365A3DC00878001 /* hwcontext_opencl.h */ = {isa = PBXFileReference; lastKnownFileType = sourcecode.c.h; path = hwcontext_opencl.h; sourceTree = "<group>"; };
		7828C5FD2365A3DD00878001 /* mastering_display_metadata.h */ = {isa = PBXFileReference; lastKnownFileType = sourcecode.c.h; path = mastering_display_metadata.h; sourceTree = "<group>"; };
		7828C5FE2365A3DD00878001 /* softfloat_tables.h */ = {isa = PBXFileReference; lastKnownFileType = sourcecode.c.h; path = softfloat_tables.h; sourceTree = "<group>"; };
		7828C5FF2365A3DE00878001 /* integer.h */ = {isa = PBXFileReference; lastKnownFileType = sourcecode.c.h; path = integer.h; sourceTree = "<group>"; };
		7828C6002365A3DF00878001 /* version.h */ = {isa = PBXFileReference; lastKnownFileType = sourcecode.c.h; path = version.h; sourceTree = "<group>"; };
		7828C6012365A3E000878001 /* colorspace.h */ = {isa = PBXFileReference; lastKnownFileType = sourcecode.c.h; path = colorspace.h; sourceTree = "<group>"; };
		7828C6022365A3E100878001 /* imgutils.h */ = {isa = PBXFileReference; lastKnownFileType = sourcecode.c.h; path = imgutils.h; sourceTree = "<group>"; };
		7828C6032365A3E100878001 /* bprint.h */ = {isa = PBXFileReference; lastKnownFileType = sourcecode.c.h; path = bprint.h; sourceTree = "<group>"; };
		7828C6042365A3E200878001 /* murmur3.h */ = {isa = PBXFileReference; lastKnownFileType = sourcecode.c.h; path = murmur3.h; sourceTree = "<group>"; };
		7828C6052365A3E300878001 /* color_utils.h */ = {isa = PBXFileReference; lastKnownFileType = sourcecode.c.h; path = color_utils.h; sourceTree = "<group>"; };
		7828C6062365A3E400878001 /* intfloat.h */ = {isa = PBXFileReference; lastKnownFileType = sourcecode.c.h; path = intfloat.h; sourceTree = "<group>"; };
		7828C6072365A3E500878001 /* ffmath.h */ = {isa = PBXFileReference; lastKnownFileType = sourcecode.c.h; path = ffmath.h; sourceTree = "<group>"; };
		7828C6082365A3E500878001 /* pixfmt.h */ = {isa = PBXFileReference; lastKnownFileType = sourcecode.c.h; path = pixfmt.h; sourceTree = "<group>"; };
		7828C6092365A3E600878001 /* log.h */ = {isa = PBXFileReference; lastKnownFileType = sourcecode.c.h; path = log.h; sourceTree = "<group>"; };
		7828C60A2365A3E700878001 /* dict.h */ = {isa = PBXFileReference; lastKnownFileType = sourcecode.c.h; path = dict.h; sourceTree = "<group>"; };
		7828C60B2365A3E800878001 /* md5.h */ = {isa = PBXFileReference; lastKnownFileType = sourcecode.c.h; path = md5.h; sourceTree = "<group>"; };
		7828C60C2365A3E900878001 /* random_seed.h */ = {isa = PBXFileReference; lastKnownFileType = sourcecode.c.h; path = random_seed.h; sourceTree = "<group>"; };
		7828C60D2365A3E900878001 /* float_dsp.h */ = {isa = PBXFileReference; lastKnownFileType = sourcecode.c.h; path = float_dsp.h; sourceTree = "<group>"; };
		7828C60E2365A3EA00878001 /* hwcontext_mediacodec.h */ = {isa = PBXFileReference; lastKnownFileType = sourcecode.c.h; path = hwcontext_mediacodec.h; sourceTree = "<group>"; };
		7828C60F2365A3EB00878001 /* tx.h */ = {isa = PBXFileReference; lastKnownFileType = sourcecode.c.h; path = tx.h; sourceTree = "<group>"; };
		7828C61A2365BEE400878001 /* VideoToolbox.framework */ = {isa = PBXFileReference; lastKnownFileType = wrapper.framework; name = VideoToolbox.framework; path = System/Library/Frameworks/VideoToolbox.framework; sourceTree = SDKROOT; };
		7828C61C2365BF1200878001 /* AudioToolbox.framework */ = {isa = PBXFileReference; lastKnownFileType = wrapper.framework; name = AudioToolbox.framework; path = System/Library/Frameworks/AudioToolbox.framework; sourceTree = SDKROOT; };
		7828C61E2365BF1A00878001 /* CoreMedia.framework */ = {isa = PBXFileReference; lastKnownFileType = wrapper.framework; name = CoreMedia.framework; path = System/Library/Frameworks/CoreMedia.framework; sourceTree = SDKROOT; };
		7828C6202365BF2000878001 /* CoreVideo.framework */ = {isa = PBXFileReference; lastKnownFileType = wrapper.framework; name = CoreVideo.framework; path = System/Library/Frameworks/CoreVideo.framework; sourceTree = SDKROOT; };
		7828C6222365BF5B00878001 /* libbz2.1.0.tbd */ = {isa = PBXFileReference; lastKnownFileType = "sourcecode.text-based-dylib-definition"; name = libbz2.1.0.tbd; path = usr/lib/libbz2.1.0.tbd; sourceTree = SDKROOT; };
		7828C6242365BF7D00878001 /* libiconv.2.4.0.tbd */ = {isa = PBXFileReference; lastKnownFileType = "sourcecode.text-based-dylib-definition"; name = libiconv.2.4.0.tbd; path = usr/lib/libiconv.2.4.0.tbd; sourceTree = SDKROOT; };
		7828C6262365BF9700878001 /* libz.1.1.3.tbd */ = {isa = PBXFileReference; lastKnownFileType = "sourcecode.text-based-dylib-definition"; name = libz.1.1.3.tbd; path = usr/lib/libz.1.1.3.tbd; sourceTree = SDKROOT; };
		7828C6292365C7A900878001 /* avdevice.h */ = {isa = PBXFileReference; fileEncoding = 4; lastKnownFileType = sourcecode.c.h; path = avdevice.h; sourceTree = "<group>"; };
		7828C62A2365C7B400878001 /* version.h */ = {isa = PBXFileReference; fileEncoding = 4; lastKnownFileType = sourcecode.c.h; path = version.h; sourceTree = "<group>"; };
		7828C62E2365C81100878001 /* swresample.h */ = {isa = PBXFileReference; fileEncoding = 4; lastKnownFileType = sourcecode.c.h; path = swresample.h; sourceTree = "<group>"; };
		7828C62F2365C81C00878001 /* version.h */ = {isa = PBXFileReference; fileEncoding = 4; lastKnownFileType = sourcecode.c.h; path = version.h; sourceTree = "<group>"; };
		7828C6332365C87700878001 /* swscale.h */ = {isa = PBXFileReference; fileEncoding = 4; lastKnownFileType = sourcecode.c.h; path = swscale.h; sourceTree = "<group>"; };
		7828C6342365C88400878001 /* version.h */ = {isa = PBXFileReference; fileEncoding = 4; lastKnownFileType = sourcecode.c.h; path = version.h; sourceTree = "<group>"; };
		7828C6382365C8BB00878001 /* avfilter.h */ = {isa = PBXFileReference; fileEncoding = 4; lastKnownFileType = sourcecode.c.h; path = avfilter.h; sourceTree = "<group>"; };
		7828C6392365C8E800878001 /* buffersink.h */ = {isa = PBXFileReference; fileEncoding = 4; lastKnownFileType = sourcecode.c.h; path = buffersink.h; sourceTree = "<group>"; };
		7828C63A2365C8F400878001 /* buffersrc.h */ = {isa = PBXFileReference; fileEncoding = 4; lastKnownFileType = sourcecode.c.h; path = buffersrc.h; sourceTree = "<group>"; };
		7828C63B2365C8FF00878001 /* buffersrc.h */ = {isa = PBXFileReference; fileEncoding = 4; lastKnownFileType = sourcecode.c.h; name = buffersrc.h; path = "../../../../../Downloads/ffmpeg-4.2.1/libavfilter/buffersrc.h"; sourceTree = "<group>"; };
		7828C63C2365C90800878001 /* version.h */ = {isa = PBXFileReference; fileEncoding = 4; lastKnownFileType = sourcecode.c.h; path = version.h; sourceTree = "<group>"; };
		7828C63F2365ECF200878001 /* libavformat.a */ = {isa = PBXFileReference; lastKnownFileType = archive.ar; path = libavformat.a; sourceTree = "<group>"; };
		7828C6402365ECF200878001 /* libavdevice.a */ = {isa = PBXFileReference; lastKnownFileType = archive.ar; path = libavdevice.a; sourceTree = "<group>"; };
		7828C6412365ECF200878001 /* libswscale.a */ = {isa = PBXFileReference; lastKnownFileType = archive.ar; path = libswscale.a; sourceTree = "<group>"; };
		7828C6422365ECF500878001 /* libavcodec.a */ = {isa = PBXFileReference; lastKnownFileType = archive.ar; path = libavcodec.a; sourceTree = "<group>"; };
		7828C6432365ECF500878001 /* libavutil.a */ = {isa = PBXFileReference; lastKnownFileType = archive.ar; path = libavutil.a; sourceTree = "<group>"; };
		7828C6442365ECF500878001 /* libswresample.a */ = {isa = PBXFileReference; lastKnownFileType = archive.ar; path = libswresample.a; sourceTree = "<group>"; };
		7828C6452365ECF500878001 /* libavfilter.a */ = {isa = PBXFileReference; lastKnownFileType = archive.ar; path = libavfilter.a; sourceTree = "<group>"; };
		782F6EF0236E5673002F1792 /* AAPLEAGLLayer.h */ = {isa = PBXFileReference; lastKnownFileType = sourcecode.c.h; path = AAPLEAGLLayer.h; sourceTree = "<group>"; };
		782F6EF1236E5673002F1792 /* AAPLEAGLLayer.m */ = {isa = PBXFileReference; lastKnownFileType = sourcecode.c.objc; path = AAPLEAGLLayer.m; sourceTree = "<group>"; };
		782F6EF3236E5722002F1792 /* DecodingViewController.h */ = {isa = PBXFileReference; lastKnownFileType = sourcecode.c.h; path = DecodingViewController.h; sourceTree = "<group>"; };
		782F6EF4236E5722002F1792 /* DecodingViewController.m */ = {isa = PBXFileReference; lastKnownFileType = sourcecode.c.objc; path = DecodingViewController.m; sourceTree = "<group>"; };
		78692484236D227900FD0D88 /* VideoToolboxDecoder.h */ = {isa = PBXFileReference; lastKnownFileType = sourcecode.c.h; path = VideoToolboxDecoder.h; sourceTree = "<group>"; };
		78692485236D227900FD0D88 /* VideoToolboxDecoder.m */ = {isa = PBXFileReference; lastKnownFileType = sourcecode.c.objc; path = VideoToolboxDecoder.m; sourceTree = "<group>"; };
		78D2FF922365858200D22CBC /* ffmpeg_videoplayer_sample.app */ = {isa = PBXFileReference; explicitFileType = wrapper.application; includeInIndex = 0; path = ffmpeg_videoplayer_sample.app; sourceTree = BUILT_PRODUCTS_DIR; };
		78D2FF952365858200D22CBC /* AppDelegate.h */ = {isa = PBXFileReference; lastKnownFileType = sourcecode.c.h; path = AppDelegate.h; sourceTree = "<group>"; };
		78D2FF962365858200D22CBC /* AppDelegate.m */ = {isa = PBXFileReference; lastKnownFileType = sourcecode.c.objc; path = AppDelegate.m; sourceTree = "<group>"; };
		78D2FF982365858200D22CBC /* SceneDelegate.h */ = {isa = PBXFileReference; lastKnownFileType = sourcecode.c.h; path = SceneDelegate.h; sourceTree = "<group>"; };
		78D2FF992365858200D22CBC /* SceneDelegate.m */ = {isa = PBXFileReference; lastKnownFileType = sourcecode.c.objc; path = SceneDelegate.m; sourceTree = "<group>"; };
		78D2FF9B2365858200D22CBC /* ViewController.h */ = {isa = PBXFileReference; lastKnownFileType = sourcecode.c.h; path = ViewController.h; sourceTree = "<group>"; };
		78D2FF9C2365858200D22CBC /* ViewController.m */ = {isa = PBXFileReference; lastKnownFileType = sourcecode.c.objc; path = ViewController.m; sourceTree = "<group>"; };
		78D2FF9F2365858200D22CBC /* Base */ = {isa = PBXFileReference; lastKnownFileType = file.storyboard; name = Base; path = Base.lproj/Main.storyboard; sourceTree = "<group>"; };
		78D2FFA12365858400D22CBC /* Assets.xcassets */ = {isa = PBXFileReference; lastKnownFileType = folder.assetcatalog; path = Assets.xcassets; sourceTree = "<group>"; };
		78D2FFA42365858400D22CBC /* Base */ = {isa = PBXFileReference; lastKnownFileType = file.storyboard; name = Base; path = Base.lproj/LaunchScreen.storyboard; sourceTree = "<group>"; };
		78D2FFA62365858400D22CBC /* Info.plist */ = {isa = PBXFileReference; lastKnownFileType = text.plist.xml; path = Info.plist; sourceTree = "<group>"; };
		78D2FFA72365858400D22CBC /* main.m */ = {isa = PBXFileReference; lastKnownFileType = sourcecode.c.objc; path = main.m; sourceTree = "<group>"; };
		78D2FFAD2365858400D22CBC /* ffmpeg_videoplayer_sampleTests.xctest */ = {isa = PBXFileReference; explicitFileType = wrapper.cfbundle; includeInIndex = 0; path = ffmpeg_videoplayer_sampleTests.xctest; sourceTree = BUILT_PRODUCTS_DIR; };
		78D2FFB12365858400D22CBC /* ffmpeg_videoplayer_sampleTests.m */ = {isa = PBXFileReference; lastKnownFileType = sourcecode.c.objc; path = ffmpeg_videoplayer_sampleTests.m; sourceTree = "<group>"; };
		78D2FFB32365858400D22CBC /* Info.plist */ = {isa = PBXFileReference; lastKnownFileType = text.plist.xml; path = Info.plist; sourceTree = "<group>"; };
		78D2FFBC23658D1F00D22CBC /* FFMpegDemuxer.h */ = {isa = PBXFileReference; lastKnownFileType = sourcecode.c.h; path = FFMpegDemuxer.h; sourceTree = "<group>"; };
		78D2FFBD23658D1F00D22CBC /* FFMpegDemuxer.c */ = {isa = PBXFileReference; lastKnownFileType = sourcecode.c.c; path = FFMpegDemuxer.c; sourceTree = "<group>"; };
		78D2FFC123658EE800D22CBC /* avcodec.h */ = {isa = PBXFileReference; fileEncoding = 4; lastKnownFileType = sourcecode.c.h; path = avcodec.h; sourceTree = "<group>"; };
		78D2FFC223658EFD00D22CBC /* avdct.h */ = {isa = PBXFileReference; fileEncoding = 4; lastKnownFileType = sourcecode.c.h; path = avdct.h; sourceTree = "<group>"; };
		78D2FFC323658F5400D22CBC /* avfft.h */ = {isa = PBXFileReference; fileEncoding = 4; lastKnownFileType = sourcecode.c.h; path = avfft.h; sourceTree = "<group>"; };
		78D2FFC423658F7D00D22CBC /* d3d11va.h */ = {isa = PBXFileReference; fileEncoding = 4; lastKnownFileType = sourcecode.c.h; path = d3d11va.h; sourceTree = "<group>"; };
		78D2FFC523658FEF00D22CBC /* dirac.h */ = {isa = PBXFileReference; fileEncoding = 4; lastKnownFileType = sourcecode.c.h; path = dirac.h; sourceTree = "<group>"; };
		78D2FFC623658FEF00D22CBC /* dv_profile.h */ = {isa = PBXFileReference; fileEncoding = 4; lastKnownFileType = sourcecode.c.h; path = dv_profile.h; sourceTree = "<group>"; };
		78D2FFC723658FEF00D22CBC /* dxva2.h */ = {isa = PBXFileReference; fileEncoding = 4; lastKnownFileType = sourcecode.c.h; path = dxva2.h; sourceTree = "<group>"; };
		78D2FFC82365900B00D22CBC /* jni.h */ = {isa = PBXFileReference; fileEncoding = 4; lastKnownFileType = sourcecode.c.h; path = jni.h; sourceTree = "<group>"; };
		78D2FFC92365902B00D22CBC /* mediacodec.h */ = {isa = PBXFileReference; fileEncoding = 4; lastKnownFileType = sourcecode.c.h; path = mediacodec.h; sourceTree = "<group>"; };
		78D2FFCA2365903C00D22CBC /* qsv.h */ = {isa = PBXFileReference; fileEncoding = 4; lastKnownFileType = sourcecode.c.h; path = qsv.h; sourceTree = "<group>"; };
		78D2FFCB2365907600D22CBC /* vaapi.h */ = {isa = PBXFileReference; fileEncoding = 4; lastKnownFileType = sourcecode.c.h; path = vaapi.h; sourceTree = "<group>"; };
		78D2FFCC2365909100D22CBC /* vdpau.h */ = {isa = PBXFileReference; fileEncoding = 4; lastKnownFileType = sourcecode.c.h; path = vdpau.h; sourceTree = "<group>"; };
		78D2FFCD2365909B00D22CBC /* version.h */ = {isa = PBXFileReference; fileEncoding = 4; lastKnownFileType = sourcecode.c.h; path = version.h; sourceTree = "<group>"; };
		78D2FFCE236590A800D22CBC /* videotoolbox.h */ = {isa = PBXFileReference; fileEncoding = 4; lastKnownFileType = sourcecode.c.h; path = videotoolbox.h; sourceTree = "<group>"; };
		78D2FFCF236590B800D22CBC /* vorbis_parser.h */ = {isa = PBXFileReference; fileEncoding = 4; lastKnownFileType = sourcecode.c.h; path = vorbis_parser.h; sourceTree = "<group>"; };
		78D2FFD0236590D000D22CBC /* xvmc.h */ = {isa = PBXFileReference; fileEncoding = 4; lastKnownFileType = sourcecode.c.h; path = xvmc.h; sourceTree = "<group>"; };
		78D2FFD223659F8C00D22CBC /* avformat.h */ = {isa = PBXFileReference; fileEncoding = 4; lastKnownFileType = sourcecode.c.h; path = avformat.h; sourceTree = "<group>"; };
		78D2FFD323659F9900D22CBC /* avio.h */ = {isa = PBXFileReference; fileEncoding = 4; lastKnownFileType = sourcecode.c.h; path = avio.h; sourceTree = "<group>"; };
		78D2FFD423659FAA00D22CBC /* version.h */ = {isa = PBXFileReference; fileEncoding = 4; lastKnownFileType = sourcecode.c.h; path = version.h; sourceTree = "<group>"; };
/* End PBXFileReference section */

/* Begin PBXFrameworksBuildPhase section */
		78D2FF8F2365858200D22CBC /* Frameworks */ = {
			isa = PBXFrameworksBuildPhase;
			buildActionMask = 2147483647;
			files = (
				7828C64B2365ECF500878001 /* libswresample.a in Frameworks */,
				7828C6232365BF6F00878001 /* libbz2.1.0.tbd in Frameworks */,
				7828C6212365BF2000878001 /* CoreVideo.framework in Frameworks */,
				7828C6272365BFA400878001 /* libz.1.1.3.tbd in Frameworks */,
				7828C6462365ECF500878001 /* libavformat.a in Frameworks */,
				7828C6472365ECF500878001 /* libavdevice.a in Frameworks */,
				7828C61F2365BF1A00878001 /* CoreMedia.framework in Frameworks */,
				7828C64A2365ECF500878001 /* libavutil.a in Frameworks */,
				7828C6482365ECF500878001 /* libswscale.a in Frameworks */,
				7828C61B2365BEE400878001 /* VideoToolbox.framework in Frameworks */,
				7828C64C2365ECF500878001 /* libavfilter.a in Frameworks */,
				7828C6492365ECF500878001 /* libavcodec.a in Frameworks */,
				7828C6252365BF8900878001 /* libiconv.2.4.0.tbd in Frameworks */,
				7828C61D2365BF1200878001 /* AudioToolbox.framework in Frameworks */,
			);
			runOnlyForDeploymentPostprocessing = 0;
		};
		78D2FFAA2365858400D22CBC /* Frameworks */ = {
			isa = PBXFrameworksBuildPhase;
			buildActionMask = 2147483647;
			files = (
			);
			runOnlyForDeploymentPostprocessing = 0;
		};
/* End PBXFrameworksBuildPhase section */

/* Begin PBXGroup section */
		7828C5A12365A1D600878001 /* include */ = {
			isa = PBXGroup;
			children = (
				7828C6372365C89F00878001 /* libavfilter */,
				7828C6322365C83800878001 /* libswscale */,
				7828C62D2365C7DE00878001 /* libswresample */,
				7828C6282365C76A00878001 /* libavdevice */,
				7828C6122365A71800878001 /* libavutil */,
				78D2FFD12365917A00D22CBC /* libavformat */,
				78D2FFC023658EB500D22CBC /* libavcodec */,
			);
			path = include;
			sourceTree = "<group>";
		};
		7828C5A22365A1DE00878001 /* lib */ = {
			isa = PBXGroup;
			children = (
				7828C6422365ECF500878001 /* libavcodec.a */,
				7828C6402365ECF200878001 /* libavdevice.a */,
				7828C6452365ECF500878001 /* libavfilter.a */,
				7828C63F2365ECF200878001 /* libavformat.a */,
				7828C6432365ECF500878001 /* libavutil.a */,
				7828C6442365ECF500878001 /* libswresample.a */,
				7828C6412365ECF200878001 /* libswscale.a */,
			);
			path = lib;
			sourceTree = "<group>";
		};
		7828C6122365A71800878001 /* libavutil */ = {
			isa = PBXGroup;
			children = (
				7828C5B42365A3A200878001 /* adler32.h */,
				7828C5A42365A39600878001 /* aes_ctr.h */,
				7828C5D12365A3B900878001 /* aes.h */,
				7828C5E02365A3C500878001 /* attributes.h */,
				7828C5BA2365A3A700878001 /* audio_fifo.h */,
				7828C5D52365A3BD00878001 /* avassert.h */,
				7828C5D82365A3BF00878001 /* avconfig.h */,
				7828C5EA2365A3CD00878001 /* avutil.h */,
				7828C5BF2365A3AB00878001 /* base64.h */,
				7828C5A82365A39900878001 /* blowfish.h */,
				7828C6032365A3E100878001 /* bprint.h */,
				7828C5B12365A3A000878001 /* bswap.h */,
				7828C5A72365A39800878001 /* buffer.h */,
				7828C5DE2365A3C400878001 /* camellia.h */,
				7828C5F92365A3D900878001 /* cast5.h */,
				7828C5AC2365A39C00878001 /* channel_layout.h */,
				7828C6052365A3E300878001 /* color_utils.h */,
				7828C6012365A3E000878001 /* colorspace.h */,
				7828C5E32365A3C800878001 /* common.h */,
				7828C5B92365A3A600878001 /* cpu.h */,
				7828C5E22365A3C700878001 /* crc.h */,
				7828C5F42365A3D500878001 /* cuda_check.h */,
				7828C5F02365A3D200878001 /* des.h */,
				7828C60A2365A3E700878001 /* dict.h */,
				7828C5D42365A3BC00878001 /* display.h */,
				7828C5C62365A3B100878001 /* downmix_info.h */,
				7828C5AF2365A39E00878001 /* dynarray.h */,
				7828C5B62365A3A400878001 /* encryption_info.h */,
				7828C5C02365A3AC00878001 /* error.h */,
				7828C5B72365A3A500878001 /* eval.h */,
				7828C6072365A3E500878001 /* ffmath.h */,
				7828C5DF2365A3C500878001 /* ffversion.h */,
				7828C5E82365A3CC00878001 /* fifo.h */,
				7828C5CA2365A3B400878001 /* file.h */,
				7828C5C42365A3AF00878001 /* fixed_dsp.h */,
				7828C60D2365A3E900878001 /* float_dsp.h */,
				7828C5DC2365A3C200878001 /* frame.h */,
				7828C5AE2365A39E00878001 /* hash.h */,
				7828C5E72365A3CB00878001 /* hdr_dynamic_metadata.h */,
				7828C5DD2365A3C300878001 /* hmac.h */,
				7828C5CF2365A3B800878001 /* hwcontext_cuda_internal.h */,
				7828C5D72365A3BE00878001 /* hwcontext_cuda.h */,
				7828C5E42365A3C800878001 /* hwcontext_d3d11va.h */,
				7828C5C92365A3B300878001 /* hwcontext_drm.h */,
				7828C5F12365A3D300878001 /* hwcontext_dxva2.h */,
				7828C5DA2365A3C100878001 /* hwcontext_internal.h */,
				7828C60E2365A3EA00878001 /* hwcontext_mediacodec.h */,
				7828C5FC2365A3DC00878001 /* hwcontext_opencl.h */,
				7828C5C22365A3AE00878001 /* hwcontext_qsv.h */,
				7828C5E62365A3CA00878001 /* hwcontext_vaapi.h */,
				7828C5DB2365A3C100878001 /* hwcontext_vdpau.h */,
				7828C5BC2365A3A900878001 /* hwcontext_videotoolbox.h */,
				7828C5D32365A3BB00878001 /* hwcontext.h */,
				7828C6022365A3E100878001 /* imgutils.h */,
				7828C5FF2365A3DE00878001 /* integer.h */,
				7828C5A52365A39700878001 /* internal.h */,
				7828C6062365A3E400878001 /* intfloat.h */,
				7828C5C72365A3B200878001 /* intmath.h */,
				7828C5EE2365A3D000878001 /* intreadwrite.h */,
				7828C5F52365A3D600878001 /* lfg.h */,
				7828C5CB2365A3B500878001 /* libm.h */,
				7828C5B82365A3A600878001 /* lls.h */,
				7828C6092365A3E600878001 /* log.h */,
				7828C5F32365A3D400878001 /* lzo.h */,
				7828C5FB2365A3DB00878001 /* macros.h */,
				7828C5FD2365A3DD00878001 /* mastering_display_metadata.h */,
				7828C5A62365A39700878001 /* mathematics.h */,
				7828C60B2365A3E800878001 /* md5.h */,
				7828C5B02365A39F00878001 /* mem.h */,
				7828C5B32365A3A200878001 /* motion_vector.h */,
				7828C6042365A3E200878001 /* murmur3.h */,
				7828C5A92365A39A00878001 /* opt.h */,
				7828C5C12365A3AD00878001 /* parseutils.h */,
				7828C5F22365A3D400878001 /* pca.h */,
				7828C5E52365A3C900878001 /* pixdesc.h */,
				7828C5F82365A3D900878001 /* pixelutils.h */,
				7828C6082365A3E500878001 /* pixfmt.h */,
				7828C5C32365A3AE00878001 /* qsort.h */,
				7828C60C2365A3E900878001 /* random_seed.h */,
				7828C5AB2365A39B00878001 /* rational.h */,
				7828C5D02365A3B900878001 /* rc4.h */,
				7828C5EC2365A3CF00878001 /* replaygain.h */,
				7828C5CE2365A3B700878001 /* reverse.h */,
				7828C5BD2365A3AA00878001 /* ripemd.h */,
				7828C5CC2365A3B600878001 /* samplefmt.h */,
				7828C5FA2365A3DA00878001 /* sha.h */,
				7828C5F62365A3D700878001 /* sha512.h */,
				7828C5AD2365A39D00878001 /* slicethread.h */,
				7828C5D22365A3BA00878001 /* softfloat_ieee754.h */,
				7828C5FE2365A3DD00878001 /* softfloat_tables.h */,
				7828C5D62365A3BD00878001 /* softfloat.h */,
				7828C5F72365A3D800878001 /* spherical.h */,
				7828C5BB2365A3A800878001 /* stereo3d.h */,
				7828C5B52365A3A300878001 /* tablegen.h */,
				7828C5ED2365A3D000878001 /* tea.h */,
				7828C5AA2365A39B00878001 /* thread.h */,
				7828C5E12365A3C600878001 /* threadmessage.h */,
				7828C5E92365A3CC00878001 /* time.h */,
				7828C5BE2365A3AA00878001 /* timecode.h */,
				7828C5EF2365A3D100878001 /* timer.h */,
				7828C5C52365A3B000878001 /* timestamp.h */,
				7828C5CD2365A3B600878001 /* tree.h */,
				7828C5D92365A3C000878001 /* twofish.h */,
				7828C60F2365A3EB00878001 /* tx.h */,
				7828C6002365A3DF00878001 /* version.h */,
				7828C5B22365A3A100878001 /* wchar_filename.h */,
				7828C5EB2365A3CE00878001 /* xga_font_data.h */,
				7828C5C82365A3B200878001 /* xtea.h */,
			);
			path = libavutil;
			sourceTree = "<group>";
		};
		7828C6192365BEE400878001 /* Frameworks */ = {
			isa = PBXGroup;
			children = (
				7828C6262365BF9700878001 /* libz.1.1.3.tbd */,
				7828C6242365BF7D00878001 /* libiconv.2.4.0.tbd */,
				7828C6222365BF5B00878001 /* libbz2.1.0.tbd */,
				7828C6202365BF2000878001 /* CoreVideo.framework */,
				7828C61E2365BF1A00878001 /* CoreMedia.framework */,
				7828C61C2365BF1200878001 /* AudioToolbox.framework */,
				7828C61A2365BEE400878001 /* VideoToolbox.framework */,
			);
			name = Frameworks;
			sourceTree = "<group>";
		};
		7828C6282365C76A00878001 /* libavdevice */ = {
			isa = PBXGroup;
			children = (
				7828C6292365C7A900878001 /* avdevice.h */,
				7828C62A2365C7B400878001 /* version.h */,
			);
			path = libavdevice;
			sourceTree = "<group>";
		};
		7828C62D2365C7DE00878001 /* libswresample */ = {
			isa = PBXGroup;
			children = (
				7828C62E2365C81100878001 /* swresample.h */,
				7828C62F2365C81C00878001 /* version.h */,
			);
			path = libswresample;
			sourceTree = "<group>";
		};
		7828C6322365C83800878001 /* libswscale */ = {
			isa = PBXGroup;
			children = (
				7828C6332365C87700878001 /* swscale.h */,
				7828C6342365C88400878001 /* version.h */,
			);
			path = libswscale;
			sourceTree = "<group>";
		};
		7828C6372365C89F00878001 /* libavfilter */ = {
			isa = PBXGroup;
			children = (
				7828C6382365C8BB00878001 /* avfilter.h */,
				7828C6392365C8E800878001 /* buffersink.h */,
				7828C63B2365C8FF00878001 /* buffersrc.h */,
				7828C63C2365C90800878001 /* version.h */,
				7828C63A2365C8F400878001 /* buffersrc.h */,
			);
			path = libavfilter;
			sourceTree = "<group>";
		};
		78D2FF892365858200D22CBC = {
			isa = PBXGroup;
			children = (
				7828C5A12365A1D600878001 /* include */,
				7828C5A22365A1DE00878001 /* lib */,
				78D2FF942365858200D22CBC /* ffmpeg_videoplayer_sample */,
				78D2FFB02365858400D22CBC /* ffmpeg_videoplayer_sampleTests */,
				78D2FF932365858200D22CBC /* Products */,
				7828C6192365BEE400878001 /* Frameworks */,
			);
			sourceTree = "<group>";
		};
		78D2FF932365858200D22CBC /* Products */ = {
			isa = PBXGroup;
			children = (
				78D2FF922365858200D22CBC /* ffmpeg_videoplayer_sample.app */,
				78D2FFAD2365858400D22CBC /* ffmpeg_videoplayer_sampleTests.xctest */,
			);
			name = Products;
			sourceTree = "<group>";
		};
		78D2FF942365858200D22CBC /* ffmpeg_videoplayer_sample */ = {
			isa = PBXGroup;
			children = (
				78D2FF952365858200D22CBC /* AppDelegate.h */,
				78D2FF962365858200D22CBC /* AppDelegate.m */,
				78D2FF982365858200D22CBC /* SceneDelegate.h */,
				78D2FF992365858200D22CBC /* SceneDelegate.m */,
				78D2FF9B2365858200D22CBC /* ViewController.h */,
				78D2FF9C2365858200D22CBC /* ViewController.m */,
				78D2FF9E2365858200D22CBC /* Main.storyboard */,
				78D2FFA12365858400D22CBC /* Assets.xcassets */,
				78D2FFA32365858400D22CBC /* LaunchScreen.storyboard */,
				78D2FFA62365858400D22CBC /* Info.plist */,
				78D2FFA72365858400D22CBC /* main.m */,
				78D2FFBC23658D1F00D22CBC /* FFMpegDemuxer.h */,
				78D2FFBD23658D1F00D22CBC /* FFMpegDemuxer.c */,
				78692484236D227900FD0D88 /* VideoToolboxDecoder.h */,
				78692485236D227900FD0D88 /* VideoToolboxDecoder.m */,
				782F6EF0236E5673002F1792 /* AAPLEAGLLayer.h */,
				782F6EF1236E5673002F1792 /* AAPLEAGLLayer.m */,
				782F6EF3236E5722002F1792 /* DecodingViewController.h */,
				782F6EF4236E5722002F1792 /* DecodingViewController.m */,
			);
			path = ffmpeg_videoplayer_sample;
			sourceTree = "<group>";
		};
		78D2FFB02365858400D22CBC /* ffmpeg_videoplayer_sampleTests */ = {
			isa = PBXGroup;
			children = (
				78D2FFB12365858400D22CBC /* ffmpeg_videoplayer_sampleTests.m */,
				78D2FFB32365858400D22CBC /* Info.plist */,
			);
			path = ffmpeg_videoplayer_sampleTests;
			sourceTree = "<group>";
		};
		78D2FFC023658EB500D22CBC /* libavcodec */ = {
			isa = PBXGroup;
			children = (
				78D2FFC523658FEF00D22CBC /* dirac.h */,
				78D2FFC623658FEF00D22CBC /* dv_profile.h */,
				78D2FFC723658FEF00D22CBC /* dxva2.h */,
				78D2FFC123658EE800D22CBC /* avcodec.h */,
				78D2FFC223658EFD00D22CBC /* avdct.h */,
				78D2FFC323658F5400D22CBC /* avfft.h */,
				78D2FFC423658F7D00D22CBC /* d3d11va.h */,
				78D2FFC82365900B00D22CBC /* jni.h */,
				78D2FFC92365902B00D22CBC /* mediacodec.h */,
				78D2FFCA2365903C00D22CBC /* qsv.h */,
				78D2FFCB2365907600D22CBC /* vaapi.h */,
				78D2FFCC2365909100D22CBC /* vdpau.h */,
				78D2FFCD2365909B00D22CBC /* version.h */,
				78D2FFCE236590A800D22CBC /* videotoolbox.h */,
				78D2FFCF236590B800D22CBC /* vorbis_parser.h */,
				78D2FFD0236590D000D22CBC /* xvmc.h */,
			);
			path = libavcodec;
			sourceTree = "<group>";
		};
		78D2FFD12365917A00D22CBC /* libavformat */ = {
			isa = PBXGroup;
			children = (
				78D2FFD323659F9900D22CBC /* avio.h */,
				78D2FFD223659F8C00D22CBC /* avformat.h */,
				78D2FFD423659FAA00D22CBC /* version.h */,
			);
			path = libavformat;
			sourceTree = "<group>";
		};
/* End PBXGroup section */

/* Begin PBXNativeTarget section */
		78D2FF912365858200D22CBC /* ffmpeg_videoplayer_sample */ = {
			isa = PBXNativeTarget;
			buildConfigurationList = 78D2FFB62365858400D22CBC /* Build configuration list for PBXNativeTarget "ffmpeg_videoplayer_sample" */;
			buildPhases = (
				78D2FF8E2365858200D22CBC /* Sources */,
				78D2FF8F2365858200D22CBC /* Frameworks */,
				78D2FF902365858200D22CBC /* Resources */,
			);
			buildRules = (
			);
			dependencies = (
			);
			name = ffmpeg_videoplayer_sample;
			productName = ffmpeg_videoplayer_sample;
			productReference = 78D2FF922365858200D22CBC /* ffmpeg_videoplayer_sample.app */;
			productType = "com.apple.product-type.application";
		};
		78D2FFAC2365858400D22CBC /* ffmpeg_videoplayer_sampleTests */ = {
			isa = PBXNativeTarget;
			buildConfigurationList = 78D2FFB92365858400D22CBC /* Build configuration list for PBXNativeTarget "ffmpeg_videoplayer_sampleTests" */;
			buildPhases = (
				78D2FFA92365858400D22CBC /* Sources */,
				78D2FFAA2365858400D22CBC /* Frameworks */,
				78D2FFAB2365858400D22CBC /* Resources */,
			);
			buildRules = (
			);
			dependencies = (
				78D2FFAF2365858400D22CBC /* PBXTargetDependency */,
			);
			name = ffmpeg_videoplayer_sampleTests;
			productName = ffmpeg_videoplayer_sampleTests;
			productReference = 78D2FFAD2365858400D22CBC /* ffmpeg_videoplayer_sampleTests.xctest */;
			productType = "com.apple.product-type.bundle.unit-test";
		};
/* End PBXNativeTarget section */

/* Begin PBXProject section */
		78D2FF8A2365858200D22CBC /* Project object */ = {
			isa = PBXProject;
			attributes = {
				LastUpgradeCheck = 1100;
				ORGANIZATIONNAME = HanGyoJeong;
				TargetAttributes = {
					78D2FF912365858200D22CBC = {
						CreatedOnToolsVersion = 11.0;
					};
					78D2FFAC2365858400D22CBC = {
						CreatedOnToolsVersion = 11.0;
						TestTargetID = 78D2FF912365858200D22CBC;
					};
				};
			};
			buildConfigurationList = 78D2FF8D2365858200D22CBC /* Build configuration list for PBXProject "ffmpeg_videoplayer_sample" */;
			compatibilityVersion = "Xcode 9.3";
			developmentRegion = en;
			hasScannedForEncodings = 0;
			knownRegions = (
				en,
				Base,
			);
			mainGroup = 78D2FF892365858200D22CBC;
			productRefGroup = 78D2FF932365858200D22CBC /* Products */;
			projectDirPath = "";
			projectRoot = "";
			targets = (
				78D2FF912365858200D22CBC /* ffmpeg_videoplayer_sample */,
				78D2FFAC2365858400D22CBC /* ffmpeg_videoplayer_sampleTests */,
			);
		};
/* End PBXProject section */

/* Begin PBXResourcesBuildPhase section */
		78D2FF902365858200D22CBC /* Resources */ = {
			isa = PBXResourcesBuildPhase;
			buildActionMask = 2147483647;
			files = (
				78D2FFA52365858400D22CBC /* LaunchScreen.storyboard in Resources */,
				78D2FFA22365858400D22CBC /* Assets.xcassets in Resources */,
				78D2FFA02365858200D22CBC /* Main.storyboard in Resources */,
			);
			runOnlyForDeploymentPostprocessing = 0;
		};
		78D2FFAB2365858400D22CBC /* Resources */ = {
			isa = PBXResourcesBuildPhase;
			buildActionMask = 2147483647;
			files = (
			);
			runOnlyForDeploymentPostprocessing = 0;
		};
/* End PBXResourcesBuildPhase section */

/* Begin PBXSourcesBuildPhase section */
		78D2FF8E2365858200D22CBC /* Sources */ = {
			isa = PBXSourcesBuildPhase;
			buildActionMask = 2147483647;
			files = (
				782F6EF2236E5673002F1792 /* AAPLEAGLLayer.m in Sources */,
				78D2FF9D2365858200D22CBC /* ViewController.m in Sources */,
				78D2FF972365858200D22CBC /* AppDelegate.m in Sources */,
				78692486236D227900FD0D88 /* VideoToolboxDecoder.m in Sources */,
				78D2FFA82365858400D22CBC /* main.m in Sources */,
				78D2FFBE23658D1F00D22CBC /* FFMpegDemuxer.c in Sources */,
				78D2FF9A2365858200D22CBC /* SceneDelegate.m in Sources */,
				782F6EF5236E5722002F1792 /* DecodingViewController.m in Sources */,
			);
			runOnlyForDeploymentPostprocessing = 0;
		};
		78D2FFA92365858400D22CBC /* Sources */ = {
			isa = PBXSourcesBuildPhase;
			buildActionMask = 2147483647;
			files = (
				78D2FFB22365858400D22CBC /* ffmpeg_videoplayer_sampleTests.m in Sources */,
			);
			runOnlyForDeploymentPostprocessing = 0;
		};
/* End PBXSourcesBuildPhase section */

/* Begin PBXTargetDependency section */
		78D2FFAF2365858400D22CBC /* PBXTargetDependency */ = {
			isa = PBXTargetDependency;
			target = 78D2FF912365858200D22CBC /* ffmpeg_videoplayer_sample */;
			targetProxy = 78D2FFAE2365858400D22CBC /* PBXContainerItemProxy */;
		};
/* End PBXTargetDependency section */

/* Begin PBXVariantGroup section */
		78D2FF9E2365858200D22CBC /* Main.storyboard */ = {
			isa = PBXVariantGroup;
			children = (
				78D2FF9F2365858200D22CBC /* Base */,
			);
			name = Main.storyboard;
			sourceTree = "<group>";
		};
		78D2FFA32365858400D22CBC /* LaunchScreen.storyboard */ = {
			isa = PBXVariantGroup;
			children = (
				78D2FFA42365858400D22CBC /* Base */,
			);
			name = LaunchScreen.storyboard;
			sourceTree = "<group>";
		};
/* End PBXVariantGroup section */

/* Begin XCBuildConfiguration section */
		78D2FFB42365858400D22CBC /* Debug */ = {
			isa = XCBuildConfiguration;
			buildSettings = {
				ALWAYS_SEARCH_USER_PATHS = NO;
				CLANG_ANALYZER_NONNULL = YES;
				CLANG_ANALYZER_NUMBER_OBJECT_CONVERSION = YES_AGGRESSIVE;
				CLANG_CXX_LANGUAGE_STANDARD = "gnu++14";
				CLANG_CXX_LIBRARY = "libc++";
				CLANG_ENABLE_MODULES = YES;
				CLANG_ENABLE_OBJC_ARC = YES;
				CLANG_ENABLE_OBJC_WEAK = YES;
				CLANG_WARN_BLOCK_CAPTURE_AUTORELEASING = YES;
				CLANG_WARN_BOOL_CONVERSION = YES;
				CLANG_WARN_COMMA = YES;
				CLANG_WARN_CONSTANT_CONVERSION = YES;
				CLANG_WARN_DEPRECATED_OBJC_IMPLEMENTATIONS = YES;
				CLANG_WARN_DIRECT_OBJC_ISA_USAGE = YES_ERROR;
				CLANG_WARN_DOCUMENTATION_COMMENTS = YES;
				CLANG_WARN_EMPTY_BODY = YES;
				CLANG_WARN_ENUM_CONVERSION = YES;
				CLANG_WARN_INFINITE_RECURSION = YES;
				CLANG_WARN_INT_CONVERSION = YES;
				CLANG_WARN_NON_LITERAL_NULL_CONVERSION = YES;
				CLANG_WARN_OBJC_IMPLICIT_RETAIN_SELF = YES;
				CLANG_WARN_OBJC_LITERAL_CONVERSION = YES;
				CLANG_WARN_OBJC_ROOT_CLASS = YES_ERROR;
				CLANG_WARN_RANGE_LOOP_ANALYSIS = YES;
				CLANG_WARN_STRICT_PROTOTYPES = YES;
				CLANG_WARN_SUSPICIOUS_MOVE = YES;
				CLANG_WARN_UNGUARDED_AVAILABILITY = YES_AGGRESSIVE;
				CLANG_WARN_UNREACHABLE_CODE = YES;
				CLANG_WARN__DUPLICATE_METHOD_MATCH = YES;
				COPY_PHASE_STRIP = NO;
				DEBUG_INFORMATION_FORMAT = dwarf;
				ENABLE_STRICT_OBJC_MSGSEND = YES;
				ENABLE_TESTABILITY = YES;
				GCC_C_LANGUAGE_STANDARD = gnu11;
				GCC_DYNAMIC_NO_PIC = NO;
				GCC_NO_COMMON_BLOCKS = YES;
				GCC_OPTIMIZATION_LEVEL = 0;
				GCC_PREPROCESSOR_DEFINITIONS = (
					"DEBUG=1",
					"$(inherited)",
				);
				GCC_WARN_64_TO_32_BIT_CONVERSION = YES;
				GCC_WARN_ABOUT_RETURN_TYPE = YES_ERROR;
				GCC_WARN_UNDECLARED_SELECTOR = YES;
				GCC_WARN_UNINITIALIZED_AUTOS = YES_AGGRESSIVE;
				GCC_WARN_UNUSED_FUNCTION = YES;
				GCC_WARN_UNUSED_VARIABLE = YES;
				IPHONEOS_DEPLOYMENT_TARGET = 13.0;
				MTL_ENABLE_DEBUG_INFO = INCLUDE_SOURCE;
				MTL_FAST_MATH = YES;
				ONLY_ACTIVE_ARCH = YES;
				SDKROOT = iphoneos;
			};
			name = Debug;
		};
		78D2FFB52365858400D22CBC /* Release */ = {
			isa = XCBuildConfiguration;
			buildSettings = {
				ALWAYS_SEARCH_USER_PATHS = NO;
				CLANG_ANALYZER_NONNULL = YES;
				CLANG_ANALYZER_NUMBER_OBJECT_CONVERSION = YES_AGGRESSIVE;
				CLANG_CXX_LANGUAGE_STANDARD = "gnu++14";
				CLANG_CXX_LIBRARY = "libc++";
				CLANG_ENABLE_MODULES = YES;
				CLANG_ENABLE_OBJC_ARC = YES;
				CLANG_ENABLE_OBJC_WEAK = YES;
				CLANG_WARN_BLOCK_CAPTURE_AUTORELEASING = YES;
				CLANG_WARN_BOOL_CONVERSION = YES;
				CLANG_WARN_COMMA = YES;
				CLANG_WARN_CONSTANT_CONVERSION = YES;
				CLANG_WARN_DEPRECATED_OBJC_IMPLEMENTATIONS = YES;
				CLANG_WARN_DIRECT_OBJC_ISA_USAGE = YES_ERROR;
				CLANG_WARN_DOCUMENTATION_COMMENTS = YES;
				CLANG_WARN_EMPTY_BODY = YES;
				CLANG_WARN_ENUM_CONVERSION = YES;
				CLANG_WARN_INFINITE_RECURSION = YES;
				CLANG_WARN_INT_CONVERSION = YES;
				CLANG_WARN_NON_LITERAL_NULL_CONVERSION = YES;
				CLANG_WARN_OBJC_IMPLICIT_RETAIN_SELF = YES;
				CLANG_WARN_OBJC_LITERAL_CONVERSION = YES;
				CLANG_WARN_OBJC_ROOT_CLASS = YES_ERROR;
				CLANG_WARN_RANGE_LOOP_ANALYSIS = YES;
				CLANG_WARN_STRICT_PROTOTYPES = YES;
				CLANG_WARN_SUSPICIOUS_MOVE = YES;
				CLANG_WARN_UNGUARDED_AVAILABILITY = YES_AGGRESSIVE;
				CLANG_WARN_UNREACHABLE_CODE = YES;
				CLANG_WARN__DUPLICATE_METHOD_MATCH = YES;
				COPY_PHASE_STRIP = NO;
				DEBUG_INFORMATION_FORMAT = "dwarf-with-dsym";
				ENABLE_NS_ASSERTIONS = NO;
				ENABLE_STRICT_OBJC_MSGSEND = YES;
				GCC_C_LANGUAGE_STANDARD = gnu11;
				GCC_NO_COMMON_BLOCKS = YES;
				GCC_WARN_64_TO_32_BIT_CONVERSION = YES;
				GCC_WARN_ABOUT_RETURN_TYPE = YES_ERROR;
				GCC_WARN_UNDECLARED_SELECTOR = YES;
				GCC_WARN_UNINITIALIZED_AUTOS = YES_AGGRESSIVE;
				GCC_WARN_UNUSED_FUNCTION = YES;
				GCC_WARN_UNUSED_VARIABLE = YES;
				IPHONEOS_DEPLOYMENT_TARGET = 13.0;
				MTL_ENABLE_DEBUG_INFO = NO;
				MTL_FAST_MATH = YES;
				SDKROOT = iphoneos;
				VALIDATE_PRODUCT = YES;
			};
			name = Release;
		};
		78D2FFB72365858400D22CBC /* Debug */ = {
			isa = XCBuildConfiguration;
			buildSettings = {
				ASSETCATALOG_COMPILER_APPICON_NAME = AppIcon;
				CODE_SIGN_STYLE = Automatic;
				DEVELOPMENT_TEAM = KYV3CSY2F3;
				INFOPLIST_FILE = ffmpeg_videoplayer_sample/Info.plist;
				IPHONEOS_DEPLOYMENT_TARGET = 9.0;
				LD_RUNPATH_SEARCH_PATHS = (
					"$(inherited)",
					"@executable_path/Frameworks",
				);
				LIBRARY_SEARCH_PATHS = (
					"$(inherited)",
					"$(PROJECT_DIR)/lib",
				);
				PRODUCT_BUNDLE_IDENTIFIER = "kr.hangyojeong.ffmpeg-videoplayer-sample";
				PRODUCT_NAME = "$(TARGET_NAME)";
				TARGETED_DEVICE_FAMILY = 1;
				USER_HEADER_SEARCH_PATHS = "$(PROJECT_DIR)/include";
			};
			name = Debug;
		};
		78D2FFB82365858400D22CBC /* Release */ = {
			isa = XCBuildConfiguration;
			buildSettings = {
				ASSETCATALOG_COMPILER_APPICON_NAME = AppIcon;
				CODE_SIGN_STYLE = Automatic;
				DEVELOPMENT_TEAM = KYV3CSY2F3;
				INFOPLIST_FILE = ffmpeg_videoplayer_sample/Info.plist;
				IPHONEOS_DEPLOYMENT_TARGET = 9.0;
				LD_RUNPATH_SEARCH_PATHS = (
					"$(inherited)",
					"@executable_path/Frameworks",
				);
				LIBRARY_SEARCH_PATHS = (
					"$(inherited)",
					"$(PROJECT_DIR)/lib",
				);
				PRODUCT_BUNDLE_IDENTIFIER = "kr.hangyojeong.ffmpeg-videoplayer-sample";
				PRODUCT_NAME = "$(TARGET_NAME)";
				TARGETED_DEVICE_FAMILY = 1;
				USER_HEADER_SEARCH_PATHS = "$(PROJECT_DIR)/include";
			};
			name = Release;
		};
		78D2FFBA2365858400D22CBC /* Debug */ = {
			isa = XCBuildConfiguration;
			buildSettings = {
				BUNDLE_LOADER = "$(TEST_HOST)";
				CODE_SIGN_STYLE = Automatic;
				DEVELOPMENT_TEAM = KYV3CSY2F3;
				INFOPLIST_FILE = ffmpeg_videoplayer_sampleTests/Info.plist;
				IPHONEOS_DEPLOYMENT_TARGET = 13.0;
				LD_RUNPATH_SEARCH_PATHS = (
					"$(inherited)",
					"@executable_path/Frameworks",
					"@loader_path/Frameworks",
				);
				PRODUCT_BUNDLE_IDENTIFIER = "kr.hangyojeong.ffmpeg-videoplayer-sampleTests";
				PRODUCT_NAME = "$(TARGET_NAME)";
				TARGETED_DEVICE_FAMILY = "1,2";
				TEST_HOST = "$(BUILT_PRODUCTS_DIR)/ffmpeg_videoplayer_sample.app/ffmpeg_videoplayer_sample";
			};
			name = Debug;
		};
		78D2FFBB2365858400D22CBC /* Release */ = {
			isa = XCBuildConfiguration;
			buildSettings = {
				BUNDLE_LOADER = "$(TEST_HOST)";
				CODE_SIGN_STYLE = Automatic;
				DEVELOPMENT_TEAM = KYV3CSY2F3;
				INFOPLIST_FILE = ffmpeg_videoplayer_sampleTests/Info.plist;
				IPHONEOS_DEPLOYMENT_TARGET = 13.0;
				LD_RUNPATH_SEARCH_PATHS = (
					"$(inherited)",
					"@executable_path/Frameworks",
					"@loader_path/Frameworks",
				);
				PRODUCT_BUNDLE_IDENTIFIER = "kr.hangyojeong.ffmpeg-videoplayer-sampleTests";
				PRODUCT_NAME = "$(TARGET_NAME)";
				TARGETED_DEVICE_FAMILY = "1,2";
				TEST_HOST = "$(BUILT_PRODUCTS_DIR)/ffmpeg_videoplayer_sample.app/ffmpeg_videoplayer_sample";
			};
			name = Release;
		};
/* End XCBuildConfiguration section */

/* Begin XCConfigurationList section */
		78D2FF8D2365858200D22CBC /* Build configuration list for PBXProject "ffmpeg_videoplayer_sample" */ = {
			isa = XCConfigurationList;
			buildConfigurations = (
				78D2FFB42365858400D22CBC /* Debug */,
				78D2FFB52365858400D22CBC /* Release */,
			);
			defaultConfigurationIsVisible = 0;
			defaultConfigurationName = Release;
		};
		78D2FFB62365858400D22CBC /* Build configuration list for PBXNativeTarget "ffmpeg_videoplayer_sample" */ = {
			isa = XCConfigurationList;
			buildConfigurations = (
				78D2FFB72365858400D22CBC /* Debug */,
				78D2FFB82365858400D22CBC /* Release */,
			);
			defaultConfigurationIsVisible = 0;
			defaultConfigurationName = Release;
		};
		78D2FFB92365858400D22CBC /* Build configuration list for PBXNativeTarget "ffmpeg_videoplayer_sampleTests" */ = {
			isa = XCConfigurationList;
			buildConfigurations = (
				78D2FFBA2365858400D22CBC /* Debug */,
				78D2FFBB2365858400D22CBC /* Release */,
			);
			defaultConfigurationIsVisible = 0;
			defaultConfigurationName = Release;
		};
/* End XCConfigurationList section */
	};
	rootObject = 78D2FF8A2365858200D22CBC /* Project object */;
}
